
Microsoft Visual Studio Solution File, Format Version 11.00
# Visual Studio 2010
Project("{FAE04EC0-301F-11D3-BF4B-00C04F79EFBC}") = "CheckListDataModel", "CheckListDataModel\CheckListDataModel.csproj", "{D667E359-F14F-471F-801F-5A3C1B6AC180}"
EndProject
Project("{FAE04EC0-301F-11D3-BF4B-00C04F79EFBC}") = "CheckList", "CheckList\CheckList.csproj", "{913ADD09-EEEE-40D8-8CAA-FE07A258629C}"
EndProject
Project("{FAE04EC0-301F-11D3-BF4B-00C04F79EFBC}") = "CheckListUnitTests", "CheckListUnitTests\CheckListUnitTests.csproj", "{34E97F5F-3419-4C0A-A249-A29BCFC1A63A}"
EndProject
Global
	GlobalSection(SolutionConfigurationPlatforms) = preSolution
		Debug|Any CPU = Debug|Any CPU
		Release|Any CPU = Release|Any CPU
	EndGlobalSection
	GlobalSection(ProjectConfigurationPlatforms) = postSolution
		{D667E359-F14F-471F-801F-5A3C1B6AC180}.Debug|Any CPU.ActiveCfg = Debug|Any CPU
		{D667E359-F14F-471F-801F-5A3C1B6AC180}.Debug|Any CPU.Build.0 = Debug|Any CPU
		{D667E359-F14F-471F-801F-5A3C1B6AC180}.Release|Any CPU.ActiveCfg = Release|Any CPU
		{D667E359-F14F-471F-801F-5A3C1B6AC180}.Release|Any CPU.Build.0 = Release|Any CPU
		{913ADD09-EEEE-40D8-8CAA-FE07A258629C}.Debug|Any CPU.ActiveCfg = Debug|Any CPU
		{913ADD09-EEEE-40D8-8CAA-FE07A258629C}.Debug|Any CPU.Build.0 = Debug|Any CPU
		{913ADD09-EEEE-40D8-8CAA-FE07A258629C}.Release|Any CPU.ActiveCfg = Release|Any CPU
		{913ADD09-EEEE-40D8-8CAA-FE07A258629C}.Release|Any CPU.Build.0 = Release|Any CPU
		{34E97F5F-3419-4C0A-A249-A29BCFC1A63A}.Debug|Any CPU.ActiveCfg = Debug|Any CPU
		{34E97F5F-3419-4C0A-A249-A29BCFC1A63A}.Debug|Any CPU.Build.0 = Debug|Any CPU
		{34E97F5F-3419-4C0A-A249-A29BCFC1A63A}.Release|Any CPU.ActiveCfg = Release|Any CPU
		{34E97F5F-3419-4C0A-A249-A29BCFC1A63A}.Release|Any CPU.Build.0 = Release|Any CPU
	EndGlobalSection
	GlobalSection(SolutionProperties) = preSolution
		HideSolutionNode = FALSE
	EndGlobalSection
EndGlobal
